
Microsoft Visual Studio Solution File, Format Version 12.00
Project("{FAE04EC0-301F-11D3-BF4B-00C04F79EFBC}") = "azure-app-service-demo", "azure-app-service-demo\azure-app-service-demo.csproj", "{4DC92508-744D-41F4-BCFF-83EEA7A5B343}"
EndProject
Project("{FAE04EC0-301F-11D3-BF4B-00C04F79EFBC}") = "function-app", "function-app\function-app.csproj", "{75881D78-CC59-493C-9171-1B144E45A258}"
EndProject
Global
	GlobalSection(SolutionConfigurationPlatforms) = preSolution
		Debug|Any CPU = Debug|Any CPU
		Release|Any CPU = Release|Any CPU
	EndGlobalSection
	GlobalSection(ProjectConfigurationPlatforms) = postSolution
		{4DC92508-744D-41F4-BCFF-83EEA7A5B343}.Debug|Any CPU.ActiveCfg = Debug|Any CPU
		{4DC92508-744D-41F4-BCFF-83EEA7A5B343}.Debug|Any CPU.Build.0 = Debug|Any CPU
		{4DC92508-744D-41F4-BCFF-83EEA7A5B343}.Release|Any CPU.ActiveCfg = Release|Any CPU
		{4DC92508-744D-41F4-BCFF-83EEA7A5B343}.Release|Any CPU.Build.0 = Release|Any CPU
		{75881D78-CC59-493C-9171-1B144E45A258}.Debug|Any CPU.ActiveCfg = Debug|Any CPU
		{75881D78-CC59-493C-9171-1B144E45A258}.Debug|Any CPU.Build.0 = Debug|Any CPU
		{75881D78-CC59-493C-9171-1B144E45A258}.Release|Any CPU.ActiveCfg = Release|Any CPU
		{75881D78-CC59-493C-9171-1B144E45A258}.Release|Any CPU.Build.0 = Release|Any CPU
	EndGlobalSection
EndGlobal
